// !$*UTF8*$!
{
	archiveVersion = 1;
	classes = {
	};
	objectVersion = 46;
	objects = {

/* Begin PBXBuildFile section */
		CED427C51DBA24F700B1ED1F /* main.m in Sources */ = {isa = PBXBuildFile; fileRef = CED427C41DBA24F700B1ED1F /* main.m */; };
		CED427C81DBA24F700B1ED1F /* AppDelegate.m in Sources */ = {isa = PBXBuildFile; fileRef = CED427C71DBA24F700B1ED1F /* AppDelegate.m */; };
		CED427CB1DBA24F700B1ED1F /* ViewController.m in Sources */ = {isa = PBXBuildFile; fileRef = CED427CA1DBA24F700B1ED1F /* ViewController.m */; };
		CED427CE1DBA24F700B1ED1F /* Main.storyboard in Resources */ = {isa = PBXBuildFile; fileRef = CED427CC1DBA24F700B1ED1F /* Main.storyboard */; };
		CED427D01DBA24F700B1ED1F /* Assets.xcassets in Resources */ = {isa = PBXBuildFile; fileRef = CED427CF1DBA24F700B1ED1F /* Assets.xcassets */; };
		CED427D31DBA24F700B1ED1F /* LaunchScreen.storyboard in Resources */ = {isa = PBXBuildFile; fileRef = CED427D11DBA24F700B1ED1F /* LaunchScreen.storyboard */; };
		CED427F81DBA250700B1ED1F /* UIKit.framework in Frameworks */ = {isa = PBXBuildFile; fileRef = CED427F71DBA250700B1ED1F /* UIKit.framework */; };
		CED427FA1DBA251100B1ED1F /* CoreGraphics.framework in Frameworks */ = {isa = PBXBuildFile; fileRef = CED427F91DBA251100B1ED1F /* CoreGraphics.framework */; };
		CED427FC1DBA251D00B1ED1F /* Foundation.framework in Frameworks */ = {isa = PBXBuildFile; fileRef = CED427FB1DBA251D00B1ED1F /* Foundation.framework */; };
		CED427FF1DBA258200B1ED1F /* Object.m in Sources */ = {isa = PBXBuildFile; fileRef = CED427FE1DBA258200B1ED1F /* Object.m */; };
/* End PBXBuildFile section */

/* Begin PBXFileReference section */
		CED427C01DBA24F700B1ED1F /* ParamTest.app */ = {isa = PBXFileReference; explicitFileType = wrapper.application; includeInIndex = 0; path = ParamTest.app; sourceTree = BUILT_PRODUCTS_DIR; };
		CED427C41DBA24F700B1ED1F /* main.m */ = {isa = PBXFileReference; lastKnownFileType = sourcecode.c.objc; path = main.m; sourceTree = "<group>"; };
		CED427C61DBA24F700B1ED1F /* AppDelegate.h */ = {isa = PBXFileReference; lastKnownFileType = sourcecode.c.h; path = AppDelegate.h; sourceTree = "<group>"; };
		CED427C71DBA24F700B1ED1F /* AppDelegate.m */ = {isa = PBXFileReference; lastKnownFileType = sourcecode.c.objc; path = AppDelegate.m; sourceTree = "<group>"; };
		CED427C91DBA24F700B1ED1F /* ViewController.h */ = {isa = PBXFileReference; lastKnownFileType = sourcecode.c.h; path = ViewController.h; sourceTree = "<group>"; };
		CED427CA1DBA24F700B1ED1F /* ViewController.m */ = {isa = PBXFileReference; lastKnownFileType = sourcecode.c.objc; path = ViewController.m; sourceTree = "<group>"; };
		CED427CD1DBA24F700B1ED1F /* Base */ = {isa = PBXFileReference; lastKnownFileType = file.storyboard; name = Base; path = Base.lproj/Main.storyboard; sourceTree = "<group>"; };
		CED427CF1DBA24F700B1ED1F /* Assets.xcassets */ = {isa = PBXFileReference; lastKnownFileType = folder.assetcatalog; path = Assets.xcassets; sourceTree = "<group>"; };
		CED427D21DBA24F700B1ED1F /* Base */ = {isa = PBXFileReference; lastKnownFileType = file.storyboard; name = Base; path = Base.lproj/LaunchScreen.storyboard; sourceTree = "<group>"; };
		CED427D41DBA24F700B1ED1F /* Info.plist */ = {isa = PBXFileReference; lastKnownFileType = text.plist.xml; path = Info.plist; sourceTree = "<group>"; };
		CED427F71DBA250700B1ED1F /* UIKit.framework */ = {isa = PBXFileReference; lastKnownFileType = wrapper.framework; name = UIKit.framework; path = System/Library/Frameworks/UIKit.framework; sourceTree = SDKROOT; };
		CED427F91DBA251100B1ED1F /* CoreGraphics.framework */ = {isa = PBXFileReference; lastKnownFileType = wrapper.framework; name = CoreGraphics.framework; path = System/Library/Frameworks/CoreGraphics.framework; sourceTree = SDKROOT; };
		CED427FB1DBA251D00B1ED1F /* Foundation.framework */ = {isa = PBXFileReference; lastKnownFileType = wrapper.framework; name = Foundation.framework; path = System/Library/Frameworks/Foundation.framework; sourceTree = SDKROOT; };
		CED427FD1DBA258200B1ED1F /* Object.h */ = {isa = PBXFileReference; fileEncoding = 4; lastKnownFileType = sourcecode.c.h; path = Object.h; sourceTree = "<group>"; };
		CED427FE1DBA258200B1ED1F /* Object.m */ = {isa = PBXFileReference; fileEncoding = 4; lastKnownFileType = sourcecode.c.objc; path = Object.m; sourceTree = "<group>"; };
/* End PBXFileReference section */

/* Begin PBXFrameworksBuildPhase section */
		CED427BD1DBA24F600B1ED1F /* Frameworks */ = {
			isa = PBXFrameworksBuildPhase;
			buildActionMask = 2147483647;
			files = (
				CED427FC1DBA251D00B1ED1F /* Foundation.framework in Frameworks */,
				CED427FA1DBA251100B1ED1F /* CoreGraphics.framework in Frameworks */,
				CED427F81DBA250700B1ED1F /* UIKit.framework in Frameworks */,
			);
			runOnlyForDeploymentPostprocessing = 0;
		};
/* End PBXFrameworksBuildPhase section */

/* Begin PBXGroup section */
		CED427B71DBA24F600B1ED1F = {
			isa = PBXGroup;
			children = (
				CED427C21DBA24F700B1ED1F /* ParamTest */,
				CED427C11DBA24F700B1ED1F /* Products */,
				CED427F61DBA250700B1ED1F /* Frameworks */,
			);
			sourceTree = "<group>";
		};
		CED427C11DBA24F700B1ED1F /* Products */ = {
			isa = PBXGroup;
			children = (
				CED427C01DBA24F700B1ED1F /* ParamTest.app */,
			);
			name = Products;
			sourceTree = "<group>";
		};
		CED427C21DBA24F700B1ED1F /* ParamTest */ = {
			isa = PBXGroup;
			children = (
				CED427C61DBA24F700B1ED1F /* AppDelegate.h */,
				CED427C71DBA24F700B1ED1F /* AppDelegate.m */,
				CED427FD1DBA258200B1ED1F /* Object.h */,
				CED427FE1DBA258200B1ED1F /* Object.m */,
				CED427C91DBA24F700B1ED1F /* ViewController.h */,
				CED427CA1DBA24F700B1ED1F /* ViewController.m */,
				CED427CC1DBA24F700B1ED1F /* Main.storyboard */,
				CED427CF1DBA24F700B1ED1F /* Assets.xcassets */,
				CED427D11DBA24F700B1ED1F /* LaunchScreen.storyboard */,
				CED427D41DBA24F700B1ED1F /* Info.plist */,
				CED427C31DBA24F700B1ED1F /* Supporting Files */,
			);
			path = ParamTest;
			sourceTree = "<group>";
		};
		CED427C31DBA24F700B1ED1F /* Supporting Files */ = {
			isa = PBXGroup;
			children = (
				CED427C41DBA24F700B1ED1F /* main.m */,
			);
			name = "Supporting Files";
			sourceTree = "<group>";
		};
		CED427F61DBA250700B1ED1F /* Frameworks */ = {
			isa = PBXGroup;
			children = (
				CED427FB1DBA251D00B1ED1F /* Foundation.framework */,
				CED427F91DBA251100B1ED1F /* CoreGraphics.framework */,
				CED427F71DBA250700B1ED1F /* UIKit.framework */,
			);
			name = Frameworks;
			sourceTree = "<group>";
		};
/* End PBXGroup section */

/* Begin PBXNativeTarget section */
		CED427BF1DBA24F600B1ED1F /* ParamTest */ = {
			isa = PBXNativeTarget;
			buildConfigurationList = CED427ED1DBA24F700B1ED1F /* Build configuration list for PBXNativeTarget "ParamTest" */;
			buildPhases = (
				CED427BC1DBA24F600B1ED1F /* Sources */,
				CED427BD1DBA24F600B1ED1F /* Frameworks */,
				CED427BE1DBA24F600B1ED1F /* Resources */,
			);
			buildRules = (
			);
			dependencies = (
			);
			name = ParamTest;
			productName = ParamTest;
			productReference = CED427C01DBA24F700B1ED1F /* ParamTest.app */;
			productType = "com.apple.product-type.application";
		};
/* End PBXNativeTarget section */

/* Begin PBXProject section */
		CED427B81DBA24F600B1ED1F /* Project object */ = {
			isa = PBXProject;
			attributes = {
				LastUpgradeCheck = 0820;
				ORGANIZATIONNAME = "Abdushev Sergey";
				TargetAttributes = {
					CED427BF1DBA24F600B1ED1F = {
						CreatedOnToolsVersion = 8.0;
						ProvisioningStyle = Automatic;
					};
				};
			};
			buildConfigurationList = CED427BB1DBA24F600B1ED1F /* Build configuration list for PBXProject "ParamTest" */;
			compatibilityVersion = "Xcode 3.2";
			developmentRegion = English;
			hasScannedForEncodings = 0;
			knownRegions = (
				en,
				Base,
			);
			mainGroup = CED427B71DBA24F600B1ED1F;
			productRefGroup = CED427C11DBA24F700B1ED1F /* Products */;
			projectDirPath = "";
			projectRoot = "";
			targets = (
				CED427BF1DBA24F600B1ED1F /* ParamTest */,
			);
		};
/* End PBXProject section */

/* Begin PBXResourcesBuildPhase section */
		CED427BE1DBA24F600B1ED1F /* Resources */ = {
			isa = PBXResourcesBuildPhase;
			buildActionMask = 2147483647;
			files = (
				CED427D31DBA24F700B1ED1F /* LaunchScreen.storyboard in Resources */,
				CED427D01DBA24F700B1ED1F /* Assets.xcassets in Resources */,
				CED427CE1DBA24F700B1ED1F /* Main.storyboard in Resources */,
			);
			runOnlyForDeploymentPostprocessing = 0;
		};
/* End PBXResourcesBuildPhase section */

/* Begin PBXSourcesBuildPhase section */
		CED427BC1DBA24F600B1ED1F /* Sources */ = {
			isa = PBXSourcesBuildPhase;
			buildActionMask = 2147483647;
			files = (
				CED427CB1DBA24F700B1ED1F /* ViewController.m in Sources */,
				CED427C81DBA24F700B1ED1F /* AppDelegate.m in Sources */,
				CED427FF1DBA258200B1ED1F /* Object.m in Sources */,
				CED427C51DBA24F700B1ED1F /* main.m in Sources */,
			);
			runOnlyForDeploymentPostprocessing = 0;
		};
/* End PBXSourcesBuildPhase section */

/* Begin PBXVariantGroup section */
		CED427CC1DBA24F700B1ED1F /* Main.storyboard */ = {
			isa = PBXVariantGroup;
			children = (
				CED427CD1DBA24F700B1ED1F /* Base */,
			);
			name = Main.storyboard;
			sourceTree = "<group>";
		};
		CED427D11DBA24F700B1ED1F /* LaunchScreen.storyboard */ = {
			isa = PBXVariantGroup;
			children = (
				CED427D21DBA24F700B1ED1F /* Base */,
			);
			name = LaunchScreen.storyboard;
			sourceTree = "<group>";
		};
/* End PBXVariantGroup section */

/* Begin XCBuildConfiguration section */
		CED427EB1DBA24F700B1ED1F /* Debug */ = {
			isa = XCBuildConfiguration;
			buildSettings = {
				ALWAYS_SEARCH_USER_PATHS = NO;
				CLANG_ANALYZER_NONNULL = YES;
				CLANG_CXX_LANGUAGE_STANDARD = "gnu++0x";
				CLANG_CXX_LIBRARY = "libc++";
				CLANG_ENABLE_MODULES = YES;
				CLANG_ENABLE_OBJC_ARC = YES;
				CLANG_WARN_BOOL_CONVERSION = YES;
				CLANG_WARN_CONSTANT_CONVERSION = YES;
				CLANG_WARN_DIRECT_OBJC_ISA_USAGE = YES_ERROR;
				CLANG_WARN_DOCUMENTATION_COMMENTS = YES;
				CLANG_WARN_EMPTY_BODY = YES;
				CLANG_WARN_ENUM_CONVERSION = YES;
				CLANG_WARN_INFINITE_RECURSION = YES;
				CLANG_WARN_INT_CONVERSION = YES;
				CLANG_WARN_OBJC_ROOT_CLASS = YES_ERROR;
				CLANG_WARN_SUSPICIOUS_MOVE = YES;
				CLANG_WARN_SUSPICIOUS_MOVES = YES;
				CLANG_WARN_UNREACHABLE_CODE = YES;
				CLANG_WARN__DUPLICATE_METHOD_MATCH = YES;
				"CODE_SIGN_IDENTITY[sdk=iphoneos*]" = "iPhone Developer";
				COPY_PHASE_STRIP = NO;
				DEBUG_INFORMATION_FORMAT = dwarf;
				ENABLE_STRICT_OBJC_MSGSEND = YES;
				ENABLE_TESTABILITY = YES;
				GCC_C_LANGUAGE_STANDARD = gnu99;
				GCC_DYNAMIC_NO_PIC = NO;
				GCC_NO_COMMON_BLOCKS = YES;
				GCC_OPTIMIZATION_LEVEL = 0;
				GCC_PREPROCESSOR_DEFINITIONS = (
					"DEBUG=1",
					"$(inherited)",
				);
				GCC_WARN_64_TO_32_BIT_CONVERSION = YES;
				GCC_WARN_ABOUT_RETURN_TYPE = YES_ERROR;
				GCC_WARN_UNDECLARED_SELECTOR = YES;
				GCC_WARN_UNINITIALIZED_AUTOS = YES_AGGRESSIVE;
				GCC_WARN_UNUSED_FUNCTION = YES;
				GCC_WARN_UNUSED_VARIABLE = YES;
				IPHONEOS_DEPLOYMENT_TARGET = 10.0;
				MTL_ENABLE_DEBUG_INFO = YES;
				ONLY_ACTIVE_ARCH = YES;
				SDKROOT = iphoneos;
				TARGETED_DEVICE_FAMILY = "1,2";
			};
			name = Debug;
		};
		CED427EC1DBA24F700B1ED1F /* Release */ = {
			isa = XCBuildConfiguration;
			buildSettings = {
				ALWAYS_SEARCH_USER_PATHS = NO;
				CLANG_ANALYZER_NONNULL = YES;
				CLANG_CXX_LANGUAGE_STANDARD = "gnu++0x";
				CLANG_CXX_LIBRARY = "libc++";
				CLANG_ENABLE_MODULES = YES;
				CLANG_ENABLE_OBJC_ARC = YES;
				CLANG_WARN_BOOL_CONVERSION = YES;
				CLANG_WARN_CONSTANT_CONVERSION = YES;
				CLANG_WARN_DIRECT_OBJC_ISA_USAGE = YES_ERROR;
				CLANG_WARN_DOCUMENTATION_COMMENTS = YES;
				CLANG_WARN_EMPTY_BODY = YES;
				CLANG_WARN_ENUM_CONVERSION = YES;
				CLANG_WARN_INFINITE_RECURSION = YES;
				CLANG_WARN_INT_CONVERSION = YES;
				CLANG_WARN_OBJC_ROOT_CLASS = YES_ERROR;
				CLANG_WARN_SUSPICIOUS_MOVE = YES;
				CLANG_WARN_SUSPICIOUS_MOVES = YES;
				CLANG_WARN_UNREACHABLE_CODE = YES;
				CLANG_WARN__DUPLICATE_METHOD_MATCH = YES;
				"CODE_SIGN_IDENTITY[sdk=iphoneos*]" = "iPhone Developer";
				COPY_PHASE_STRIP = NO;
				DEBUG_INFORMATION_FORMAT = "dwarf-with-dsym";
				ENABLE_NS_ASSERTIONS = NO;
				ENABLE_STRICT_OBJC_MSGSEND = YES;
				GCC_C_LANGUAGE_STANDARD = gnu99;
				GCC_NO_COMMON_BLOCKS = YES;
				GCC_WARN_64_TO_32_BIT_CONVERSION = YES;
				GCC_WARN_ABOUT_RETURN_TYPE = YES_ERROR;
				GCC_WARN_UNDECLARED_SELECTOR = YES;
				GCC_WARN_UNINITIALIZED_AUTOS = YES_AGGRESSIVE;
				GCC_WARN_UNUSED_FUNCTION = YES;
				GCC_WARN_UNUSED_VARIABLE = YES;
				IPHONEOS_DEPLOYMENT_TARGET = 10.0;
				MTL_ENABLE_DEBUG_INFO = NO;
				SDKROOT = iphoneos;
				TARGETED_DEVICE_FAMILY = "1,2";
				VALIDATE_PRODUCT = YES;
			};
			name = Release;
		};
		CED427EE1DBA24F700B1ED1F /* Debug */ = {
			isa = XCBuildConfiguration;
			buildSettings = {
				ASSETCATALOG_COMPILER_APPICON_NAME = AppIcon;
				INFOPLIST_FILE = ParamTest/Info.plist;
				LD_RUNPATH_SEARCH_PATHS = "$(inherited) @executable_path/Frameworks";
				PRODUCT_BUNDLE_IDENTIFIER = ASR.ParamTest;
				PRODUCT_NAME = "$(TARGET_NAME)";
			};
			name = Debug;
		};
		CED427EF1DBA24F700B1ED1F /* Release */ = {
			isa = XCBuildConfiguration;
			buildSettings = {
				ASSETCATALOG_COMPILER_APPICON_NAME = AppIcon;
				INFOPLIST_FILE = ParamTest/Info.plist;
				LD_RUNPATH_SEARCH_PATHS = "$(inherited) @executable_path/Frameworks";
				PRODUCT_BUNDLE_IDENTIFIER = ASR.ParamTest;
				PRODUCT_NAME = "$(TARGET_NAME)";
			};
			name = Release;
		};
/* End XCBuildConfiguration section */

/* Begin XCConfigurationList section */
		CED427BB1DBA24F600B1ED1F /* Build configuration list for PBXProject "ParamTest" */ = {
			isa = XCConfigurationList;
			buildConfigurations = (
				CED427EB1DBA24F700B1ED1F /* Debug */,
				CED427EC1DBA24F700B1ED1F /* Release */,
			);
			defaultConfigurationIsVisible = 0;
			defaultConfigurationName = Release;
		};
		CED427ED1DBA24F700B1ED1F /* Build configuration list for PBXNativeTarget "ParamTest" */ = {
			isa = XCConfigurationList;
			buildConfigurations = (
				CED427EE1DBA24F700B1ED1F /* Debug */,
				CED427EF1DBA24F700B1ED1F /* Release */,
			);
			defaultConfigurationIsVisible = 0;
			defaultConfigurationName = Release;
		};
/* End XCConfigurationList section */
	};
	rootObject = CED427B81DBA24F600B1ED1F /* Project object */;
}
