// !$*UTF8*$!
{
	archiveVersion = 1;
	classes = {
	};
	objectVersion = 46;
	objects = {

/* Begin PBXBuildFile section */
		CE7223821DCB3C34003EA489 /* main.m in Sources */ = {isa = PBXBuildFile; fileRef = CE7223811DCB3C34003EA489 /* main.m */; };
		CE7223851DCB3C34003EA489 /* AppDelegate.m in Sources */ = {isa = PBXBuildFile; fileRef = CE7223841DCB3C34003EA489 /* AppDelegate.m */; };
		CE7223881DCB3C34003EA489 /* ViewController.m in Sources */ = {isa = PBXBuildFile; fileRef = CE7223871DCB3C34003EA489 /* ViewController.m */; };
		CE72238B1DCB3C34003EA489 /* Main.storyboard in Resources */ = {isa = PBXBuildFile; fileRef = CE7223891DCB3C34003EA489 /* Main.storyboard */; };
		CE72238D1DCB3C34003EA489 /* Assets.xcassets in Resources */ = {isa = PBXBuildFile; fileRef = CE72238C1DCB3C34003EA489 /* Assets.xcassets */; };
		CE7223901DCB3C34003EA489 /* LaunchScreen.storyboard in Resources */ = {isa = PBXBuildFile; fileRef = CE72238E1DCB3C34003EA489 /* LaunchScreen.storyboard */; };
		CE7223991DCB3C92003EA489 /* Foundation.framework in Frameworks */ = {isa = PBXBuildFile; fileRef = CE7223981DCB3C92003EA489 /* Foundation.framework */; };
		CE72239B1DCB3C99003EA489 /* CoreGraphics.framework in Frameworks */ = {isa = PBXBuildFile; fileRef = CE72239A1DCB3C99003EA489 /* CoreGraphics.framework */; };
		CE72239D1DCB3CA1003EA489 /* UIKit.framework in Frameworks */ = {isa = PBXBuildFile; fileRef = CE72239C1DCB3CA1003EA489 /* UIKit.framework */; };
		CE7223A01DCB4C72003EA489 /* Object.m in Sources */ = {isa = PBXBuildFile; fileRef = CE72239F1DCB4C72003EA489 /* Object.m */; };
/* End PBXBuildFile section */

/* Begin PBXFileReference section */
		CE72237D1DCB3C34003EA489 /* TimeTest.app */ = {isa = PBXFileReference; explicitFileType = wrapper.application; includeInIndex = 0; path = TimeTest.app; sourceTree = BUILT_PRODUCTS_DIR; };
		CE7223811DCB3C34003EA489 /* main.m */ = {isa = PBXFileReference; lastKnownFileType = sourcecode.c.objc; path = main.m; sourceTree = "<group>"; };
		CE7223831DCB3C34003EA489 /* AppDelegate.h */ = {isa = PBXFileReference; lastKnownFileType = sourcecode.c.h; path = AppDelegate.h; sourceTree = "<group>"; };
		CE7223841DCB3C34003EA489 /* AppDelegate.m */ = {isa = PBXFileReference; lastKnownFileType = sourcecode.c.objc; path = AppDelegate.m; sourceTree = "<group>"; };
		CE7223861DCB3C34003EA489 /* ViewController.h */ = {isa = PBXFileReference; lastKnownFileType = sourcecode.c.h; path = ViewController.h; sourceTree = "<group>"; };
		CE7223871DCB3C34003EA489 /* ViewController.m */ = {isa = PBXFileReference; lastKnownFileType = sourcecode.c.objc; path = ViewController.m; sourceTree = "<group>"; };
		CE72238A1DCB3C34003EA489 /* Base */ = {isa = PBXFileReference; lastKnownFileType = file.storyboard; name = Base; path = Base.lproj/Main.storyboard; sourceTree = "<group>"; };
		CE72238C1DCB3C34003EA489 /* Assets.xcassets */ = {isa = PBXFileReference; lastKnownFileType = folder.assetcatalog; path = Assets.xcassets; sourceTree = "<group>"; };
		CE72238F1DCB3C34003EA489 /* Base */ = {isa = PBXFileReference; lastKnownFileType = file.storyboard; name = Base; path = Base.lproj/LaunchScreen.storyboard; sourceTree = "<group>"; };
		CE7223911DCB3C34003EA489 /* Info.plist */ = {isa = PBXFileReference; lastKnownFileType = text.plist.xml; path = Info.plist; sourceTree = "<group>"; };
		CE7223981DCB3C92003EA489 /* Foundation.framework */ = {isa = PBXFileReference; lastKnownFileType = wrapper.framework; name = Foundation.framework; path = System/Library/Frameworks/Foundation.framework; sourceTree = SDKROOT; };
		CE72239A1DCB3C99003EA489 /* CoreGraphics.framework */ = {isa = PBXFileReference; lastKnownFileType = wrapper.framework; name = CoreGraphics.framework; path = System/Library/Frameworks/CoreGraphics.framework; sourceTree = SDKROOT; };
		CE72239C1DCB3CA1003EA489 /* UIKit.framework */ = {isa = PBXFileReference; lastKnownFileType = wrapper.framework; name = UIKit.framework; path = System/Library/Frameworks/UIKit.framework; sourceTree = SDKROOT; };
		CE72239E1DCB4C72003EA489 /* Object.h */ = {isa = PBXFileReference; fileEncoding = 4; lastKnownFileType = sourcecode.c.h; path = Object.h; sourceTree = "<group>"; };
		CE72239F1DCB4C72003EA489 /* Object.m */ = {isa = PBXFileReference; fileEncoding = 4; lastKnownFileType = sourcecode.c.objc; path = Object.m; sourceTree = "<group>"; };
/* End PBXFileReference section */

/* Begin PBXFrameworksBuildPhase section */
		CE72237A1DCB3C34003EA489 /* Frameworks */ = {
			isa = PBXFrameworksBuildPhase;
			buildActionMask = 2147483647;
			files = (
				CE72239D1DCB3CA1003EA489 /* UIKit.framework in Frameworks */,
				CE72239B1DCB3C99003EA489 /* CoreGraphics.framework in Frameworks */,
				CE7223991DCB3C92003EA489 /* Foundation.framework in Frameworks */,
			);
			runOnlyForDeploymentPostprocessing = 0;
		};
/* End PBXFrameworksBuildPhase section */

/* Begin PBXGroup section */
		CE7223741DCB3C34003EA489 = {
			isa = PBXGroup;
			children = (
				CE72237F1DCB3C34003EA489 /* TimeTest */,
				CE72237E1DCB3C34003EA489 /* Products */,
				CE7223971DCB3C92003EA489 /* Frameworks */,
			);
			sourceTree = "<group>";
		};
		CE72237E1DCB3C34003EA489 /* Products */ = {
			isa = PBXGroup;
			children = (
				CE72237D1DCB3C34003EA489 /* TimeTest.app */,
			);
			name = Products;
			sourceTree = "<group>";
		};
		CE72237F1DCB3C34003EA489 /* TimeTest */ = {
			isa = PBXGroup;
			children = (
				CE7223831DCB3C34003EA489 /* AppDelegate.h */,
				CE7223841DCB3C34003EA489 /* AppDelegate.m */,
				CE72239E1DCB4C72003EA489 /* Object.h */,
				CE72239F1DCB4C72003EA489 /* Object.m */,
				CE7223861DCB3C34003EA489 /* ViewController.h */,
				CE7223871DCB3C34003EA489 /* ViewController.m */,
				CE7223891DCB3C34003EA489 /* Main.storyboard */,
				CE72238C1DCB3C34003EA489 /* Assets.xcassets */,
				CE72238E1DCB3C34003EA489 /* LaunchScreen.storyboard */,
				CE7223911DCB3C34003EA489 /* Info.plist */,
				CE7223801DCB3C34003EA489 /* Supporting Files */,
			);
			path = TimeTest;
			sourceTree = "<group>";
		};
		CE7223801DCB3C34003EA489 /* Supporting Files */ = {
			isa = PBXGroup;
			children = (
				CE7223811DCB3C34003EA489 /* main.m */,
			);
			name = "Supporting Files";
			sourceTree = "<group>";
		};
		CE7223971DCB3C92003EA489 /* Frameworks */ = {
			isa = PBXGroup;
			children = (
				CE72239C1DCB3CA1003EA489 /* UIKit.framework */,
				CE72239A1DCB3C99003EA489 /* CoreGraphics.framework */,
				CE7223981DCB3C92003EA489 /* Foundation.framework */,
			);
			name = Frameworks;
			sourceTree = "<group>";
		};
/* End PBXGroup section */

/* Begin PBXNativeTarget section */
		CE72237C1DCB3C34003EA489 /* TimeTest */ = {
			isa = PBXNativeTarget;
			buildConfigurationList = CE7223941DCB3C34003EA489 /* Build configuration list for PBXNativeTarget "TimeTest" */;
			buildPhases = (
				CE7223791DCB3C34003EA489 /* Sources */,
				CE72237A1DCB3C34003EA489 /* Frameworks */,
				CE72237B1DCB3C34003EA489 /* Resources */,
			);
			buildRules = (
			);
			dependencies = (
			);
			name = TimeTest;
			productName = TimeTest;
			productReference = CE72237D1DCB3C34003EA489 /* TimeTest.app */;
			productType = "com.apple.product-type.application";
		};
/* End PBXNativeTarget section */

/* Begin PBXProject section */
		CE7223751DCB3C34003EA489 /* Project object */ = {
			isa = PBXProject;
			attributes = {
				LastUpgradeCheck = 0810;
				ORGANIZATIONNAME = "Abdushev Sergey";
				TargetAttributes = {
					CE72237C1DCB3C34003EA489 = {
						CreatedOnToolsVersion = 8.1;
						ProvisioningStyle = Automatic;
					};
				};
			};
			buildConfigurationList = CE7223781DCB3C34003EA489 /* Build configuration list for PBXProject "TimeTest" */;
			compatibilityVersion = "Xcode 3.2";
			developmentRegion = English;
			hasScannedForEncodings = 0;
			knownRegions = (
				en,
				Base,
			);
			mainGroup = CE7223741DCB3C34003EA489;
			productRefGroup = CE72237E1DCB3C34003EA489 /* Products */;
			projectDirPath = "";
			projectRoot = "";
			targets = (
				CE72237C1DCB3C34003EA489 /* TimeTest */,
			);
		};
/* End PBXProject section */

/* Begin PBXResourcesBuildPhase section */
		CE72237B1DCB3C34003EA489 /* Resources */ = {
			isa = PBXResourcesBuildPhase;
			buildActionMask = 2147483647;
			files = (
				CE7223901DCB3C34003EA489 /* LaunchScreen.storyboard in Resources */,
				CE72238D1DCB3C34003EA489 /* Assets.xcassets in Resources */,
				CE72238B1DCB3C34003EA489 /* Main.storyboard in Resources */,
			);
			runOnlyForDeploymentPostprocessing = 0;
		};
/* End PBXResourcesBuildPhase section */

/* Begin PBXSourcesBuildPhase section */
		CE7223791DCB3C34003EA489 /* Sources */ = {
			isa = PBXSourcesBuildPhase;
			buildActionMask = 2147483647;
			files = (
				CE7223881DCB3C34003EA489 /* ViewController.m in Sources */,
				CE7223851DCB3C34003EA489 /* AppDelegate.m in Sources */,
				CE7223A01DCB4C72003EA489 /* Object.m in Sources */,
				CE7223821DCB3C34003EA489 /* main.m in Sources */,
			);
			runOnlyForDeploymentPostprocessing = 0;
		};
/* End PBXSourcesBuildPhase section */

/* Begin PBXVariantGroup section */
		CE7223891DCB3C34003EA489 /* Main.storyboard */ = {
			isa = PBXVariantGroup;
			children = (
				CE72238A1DCB3C34003EA489 /* Base */,
			);
			name = Main.storyboard;
			sourceTree = "<group>";
		};
		CE72238E1DCB3C34003EA489 /* LaunchScreen.storyboard */ = {
			isa = PBXVariantGroup;
			children = (
				CE72238F1DCB3C34003EA489 /* Base */,
			);
			name = LaunchScreen.storyboard;
			sourceTree = "<group>";
		};
/* End PBXVariantGroup section */

/* Begin XCBuildConfiguration section */
		CE7223921DCB3C34003EA489 /* Debug */ = {
			isa = XCBuildConfiguration;
			buildSettings = {
				ALWAYS_SEARCH_USER_PATHS = NO;
				CLANG_ANALYZER_NONNULL = YES;
				CLANG_CXX_LANGUAGE_STANDARD = "gnu++0x";
				CLANG_CXX_LIBRARY = "libc++";
				CLANG_ENABLE_MODULES = YES;
				CLANG_ENABLE_OBJC_ARC = YES;
				CLANG_WARN_BOOL_CONVERSION = YES;
				CLANG_WARN_CONSTANT_CONVERSION = YES;
				CLANG_WARN_DIRECT_OBJC_ISA_USAGE = YES_ERROR;
				CLANG_WARN_DOCUMENTATION_COMMENTS = YES;
				CLANG_WARN_EMPTY_BODY = YES;
				CLANG_WARN_ENUM_CONVERSION = YES;
				CLANG_WARN_INFINITE_RECURSION = YES;
				CLANG_WARN_INT_CONVERSION = YES;
				CLANG_WARN_OBJC_ROOT_CLASS = YES_ERROR;
				CLANG_WARN_SUSPICIOUS_MOVES = YES;
				CLANG_WARN_UNREACHABLE_CODE = YES;
				CLANG_WARN__DUPLICATE_METHOD_MATCH = YES;
				"CODE_SIGN_IDENTITY[sdk=iphoneos*]" = "iPhone Developer";
				COPY_PHASE_STRIP = NO;
				DEBUG_INFORMATION_FORMAT = dwarf;
				ENABLE_STRICT_OBJC_MSGSEND = YES;
				ENABLE_TESTABILITY = YES;
				GCC_C_LANGUAGE_STANDARD = gnu99;
				GCC_DYNAMIC_NO_PIC = NO;
				GCC_NO_COMMON_BLOCKS = YES;
				GCC_OPTIMIZATION_LEVEL = 0;
				GCC_PREPROCESSOR_DEFINITIONS = (
					"DEBUG=1",
					"$(inherited)",
				);
				GCC_WARN_64_TO_32_BIT_CONVERSION = YES;
				GCC_WARN_ABOUT_RETURN_TYPE = YES_ERROR;
				GCC_WARN_UNDECLARED_SELECTOR = YES;
				GCC_WARN_UNINITIALIZED_AUTOS = YES_AGGRESSIVE;
				GCC_WARN_UNUSED_FUNCTION = YES;
				GCC_WARN_UNUSED_VARIABLE = YES;
				IPHONEOS_DEPLOYMENT_TARGET = 10.1;
				MTL_ENABLE_DEBUG_INFO = YES;
				ONLY_ACTIVE_ARCH = YES;
				SDKROOT = iphoneos;
				TARGETED_DEVICE_FAMILY = "1,2";
			};
			name = Debug;
		};
		CE7223931DCB3C34003EA489 /* Release */ = {
			isa = XCBuildConfiguration;
			buildSettings = {
				ALWAYS_SEARCH_USER_PATHS = NO;
				CLANG_ANALYZER_NONNULL = YES;
				CLANG_CXX_LANGUAGE_STANDARD = "gnu++0x";
				CLANG_CXX_LIBRARY = "libc++";
				CLANG_ENABLE_MODULES = YES;
				CLANG_ENABLE_OBJC_ARC = YES;
				CLANG_WARN_BOOL_CONVERSION = YES;
				CLANG_WARN_CONSTANT_CONVERSION = YES;
				CLANG_WARN_DIRECT_OBJC_ISA_USAGE = YES_ERROR;
				CLANG_WARN_DOCUMENTATION_COMMENTS = YES;
				CLANG_WARN_EMPTY_BODY = YES;
				CLANG_WARN_ENUM_CONVERSION = YES;
				CLANG_WARN_INFINITE_RECURSION = YES;
				CLANG_WARN_INT_CONVERSION = YES;
				CLANG_WARN_OBJC_ROOT_CLASS = YES_ERROR;
				CLANG_WARN_SUSPICIOUS_MOVES = YES;
				CLANG_WARN_UNREACHABLE_CODE = YES;
				CLANG_WARN__DUPLICATE_METHOD_MATCH = YES;
				"CODE_SIGN_IDENTITY[sdk=iphoneos*]" = "iPhone Developer";
				COPY_PHASE_STRIP = NO;
				DEBUG_INFORMATION_FORMAT = "dwarf-with-dsym";
				ENABLE_NS_ASSERTIONS = NO;
				ENABLE_STRICT_OBJC_MSGSEND = YES;
				GCC_C_LANGUAGE_STANDARD = gnu99;
				GCC_NO_COMMON_BLOCKS = YES;
				GCC_WARN_64_TO_32_BIT_CONVERSION = YES;
				GCC_WARN_ABOUT_RETURN_TYPE = YES_ERROR;
				GCC_WARN_UNDECLARED_SELECTOR = YES;
				GCC_WARN_UNINITIALIZED_AUTOS = YES_AGGRESSIVE;
				GCC_WARN_UNUSED_FUNCTION = YES;
				GCC_WARN_UNUSED_VARIABLE = YES;
				IPHONEOS_DEPLOYMENT_TARGET = 10.1;
				MTL_ENABLE_DEBUG_INFO = NO;
				SDKROOT = iphoneos;
				TARGETED_DEVICE_FAMILY = "1,2";
				VALIDATE_PRODUCT = YES;
			};
			name = Release;
		};
		CE7223951DCB3C34003EA489 /* Debug */ = {
			isa = XCBuildConfiguration;
			buildSettings = {
				ASSETCATALOG_COMPILER_APPICON_NAME = AppIcon;
				INFOPLIST_FILE = TimeTest/Info.plist;
				LD_RUNPATH_SEARCH_PATHS = "$(inherited) @executable_path/Frameworks";
				PRODUCT_BUNDLE_IDENTIFIER = ASR.TimeTest;
				PRODUCT_NAME = "$(TARGET_NAME)";
			};
			name = Debug;
		};
		CE7223961DCB3C34003EA489 /* Release */ = {
			isa = XCBuildConfiguration;
			buildSettings = {
				ASSETCATALOG_COMPILER_APPICON_NAME = AppIcon;
				INFOPLIST_FILE = TimeTest/Info.plist;
				LD_RUNPATH_SEARCH_PATHS = "$(inherited) @executable_path/Frameworks";
				PRODUCT_BUNDLE_IDENTIFIER = ASR.TimeTest;
				PRODUCT_NAME = "$(TARGET_NAME)";
			};
			name = Release;
		};
/* End XCBuildConfiguration section */

/* Begin XCConfigurationList section */
		CE7223781DCB3C34003EA489 /* Build configuration list for PBXProject "TimeTest" */ = {
			isa = XCConfigurationList;
			buildConfigurations = (
				CE7223921DCB3C34003EA489 /* Debug */,
				CE7223931DCB3C34003EA489 /* Release */,
			);
			defaultConfigurationIsVisible = 0;
			defaultConfigurationName = Release;
		};
		CE7223941DCB3C34003EA489 /* Build configuration list for PBXNativeTarget "TimeTest" */ = {
			isa = XCConfigurationList;
			buildConfigurations = (
				CE7223951DCB3C34003EA489 /* Debug */,
				CE7223961DCB3C34003EA489 /* Release */,
			);
			defaultConfigurationIsVisible = 0;
		};
/* End XCConfigurationList section */
	};
	rootObject = CE7223751DCB3C34003EA489 /* Project object */;
}
