// !$*UTF8*$!
{
	archiveVersion = 1;
	classes = {
	};
	objectVersion = 46;
	objects = {

/* Begin PBXBuildFile section */
		CE4D86A31DCA22E700F52A70 /* main.m in Sources */ = {isa = PBXBuildFile; fileRef = CE4D86A21DCA22E700F52A70 /* main.m */; };
		CE4D86A61DCA22E700F52A70 /* AppDelegate.m in Sources */ = {isa = PBXBuildFile; fileRef = CE4D86A51DCA22E700F52A70 /* AppDelegate.m */; };
		CE4D86A91DCA22E700F52A70 /* ViewController.m in Sources */ = {isa = PBXBuildFile; fileRef = CE4D86A81DCA22E700F52A70 /* ViewController.m */; };
		CE4D86AC1DCA22E700F52A70 /* Main.storyboard in Resources */ = {isa = PBXBuildFile; fileRef = CE4D86AA1DCA22E700F52A70 /* Main.storyboard */; };
		CE4D86AE1DCA22E700F52A70 /* Assets.xcassets in Resources */ = {isa = PBXBuildFile; fileRef = CE4D86AD1DCA22E700F52A70 /* Assets.xcassets */; };
		CE4D86B11DCA22E700F52A70 /* LaunchScreen.storyboard in Resources */ = {isa = PBXBuildFile; fileRef = CE4D86AF1DCA22E700F52A70 /* LaunchScreen.storyboard */; };
		CE4D86BA1DCA22F500F52A70 /* Foundation.framework in Frameworks */ = {isa = PBXBuildFile; fileRef = CE4D86B91DCA22F500F52A70 /* Foundation.framework */; };
		CE4D86BC1DCA22FF00F52A70 /* CoreGraphics.framework in Frameworks */ = {isa = PBXBuildFile; fileRef = CE4D86BB1DCA22FF00F52A70 /* CoreGraphics.framework */; };
		CE4D86BE1DCA230E00F52A70 /* UIKit.framework in Frameworks */ = {isa = PBXBuildFile; fileRef = CE4D86BD1DCA230E00F52A70 /* UIKit.framework */; };
/* End PBXBuildFile section */

/* Begin PBXFileReference section */
		CE4D869E1DCA22E700F52A70 /* StringsTest.app */ = {isa = PBXFileReference; explicitFileType = wrapper.application; includeInIndex = 0; path = StringsTest.app; sourceTree = BUILT_PRODUCTS_DIR; };
		CE4D86A21DCA22E700F52A70 /* main.m */ = {isa = PBXFileReference; lastKnownFileType = sourcecode.c.objc; path = main.m; sourceTree = "<group>"; };
		CE4D86A41DCA22E700F52A70 /* AppDelegate.h */ = {isa = PBXFileReference; lastKnownFileType = sourcecode.c.h; path = AppDelegate.h; sourceTree = "<group>"; };
		CE4D86A51DCA22E700F52A70 /* AppDelegate.m */ = {isa = PBXFileReference; lastKnownFileType = sourcecode.c.objc; path = AppDelegate.m; sourceTree = "<group>"; };
		CE4D86A71DCA22E700F52A70 /* ViewController.h */ = {isa = PBXFileReference; lastKnownFileType = sourcecode.c.h; path = ViewController.h; sourceTree = "<group>"; };
		CE4D86A81DCA22E700F52A70 /* ViewController.m */ = {isa = PBXFileReference; lastKnownFileType = sourcecode.c.objc; path = ViewController.m; sourceTree = "<group>"; };
		CE4D86AB1DCA22E700F52A70 /* Base */ = {isa = PBXFileReference; lastKnownFileType = file.storyboard; name = Base; path = Base.lproj/Main.storyboard; sourceTree = "<group>"; };
		CE4D86AD1DCA22E700F52A70 /* Assets.xcassets */ = {isa = PBXFileReference; lastKnownFileType = folder.assetcatalog; path = Assets.xcassets; sourceTree = "<group>"; };
		CE4D86B01DCA22E700F52A70 /* Base */ = {isa = PBXFileReference; lastKnownFileType = file.storyboard; name = Base; path = Base.lproj/LaunchScreen.storyboard; sourceTree = "<group>"; };
		CE4D86B21DCA22E700F52A70 /* Info.plist */ = {isa = PBXFileReference; lastKnownFileType = text.plist.xml; path = Info.plist; sourceTree = "<group>"; };
		CE4D86B91DCA22F500F52A70 /* Foundation.framework */ = {isa = PBXFileReference; lastKnownFileType = wrapper.framework; name = Foundation.framework; path = System/Library/Frameworks/Foundation.framework; sourceTree = SDKROOT; };
		CE4D86BB1DCA22FF00F52A70 /* CoreGraphics.framework */ = {isa = PBXFileReference; lastKnownFileType = wrapper.framework; name = CoreGraphics.framework; path = System/Library/Frameworks/CoreGraphics.framework; sourceTree = SDKROOT; };
		CE4D86BD1DCA230E00F52A70 /* UIKit.framework */ = {isa = PBXFileReference; lastKnownFileType = wrapper.framework; name = UIKit.framework; path = System/Library/Frameworks/UIKit.framework; sourceTree = SDKROOT; };
/* End PBXFileReference section */

/* Begin PBXFrameworksBuildPhase section */
		CE4D869B1DCA22E700F52A70 /* Frameworks */ = {
			isa = PBXFrameworksBuildPhase;
			buildActionMask = 2147483647;
			files = (
				CE4D86BE1DCA230E00F52A70 /* UIKit.framework in Frameworks */,
				CE4D86BC1DCA22FF00F52A70 /* CoreGraphics.framework in Frameworks */,
				CE4D86BA1DCA22F500F52A70 /* Foundation.framework in Frameworks */,
			);
			runOnlyForDeploymentPostprocessing = 0;
		};
/* End PBXFrameworksBuildPhase section */

/* Begin PBXGroup section */
		CE4D86951DCA22E700F52A70 = {
			isa = PBXGroup;
			children = (
				CE4D86A01DCA22E700F52A70 /* StringsTest */,
				CE4D869F1DCA22E700F52A70 /* Products */,
				CE4D86B81DCA22F500F52A70 /* Frameworks */,
			);
			sourceTree = "<group>";
		};
		CE4D869F1DCA22E700F52A70 /* Products */ = {
			isa = PBXGroup;
			children = (
				CE4D869E1DCA22E700F52A70 /* StringsTest.app */,
			);
			name = Products;
			sourceTree = "<group>";
		};
		CE4D86A01DCA22E700F52A70 /* StringsTest */ = {
			isa = PBXGroup;
			children = (
				CE4D86A41DCA22E700F52A70 /* AppDelegate.h */,
				CE4D86A51DCA22E700F52A70 /* AppDelegate.m */,
				CE4D86A71DCA22E700F52A70 /* ViewController.h */,
				CE4D86A81DCA22E700F52A70 /* ViewController.m */,
				CE4D86AA1DCA22E700F52A70 /* Main.storyboard */,
				CE4D86AD1DCA22E700F52A70 /* Assets.xcassets */,
				CE4D86AF1DCA22E700F52A70 /* LaunchScreen.storyboard */,
				CE4D86B21DCA22E700F52A70 /* Info.plist */,
				CE4D86A11DCA22E700F52A70 /* Supporting Files */,
			);
			path = StringsTest;
			sourceTree = "<group>";
		};
		CE4D86A11DCA22E700F52A70 /* Supporting Files */ = {
			isa = PBXGroup;
			children = (
				CE4D86A21DCA22E700F52A70 /* main.m */,
			);
			name = "Supporting Files";
			sourceTree = "<group>";
		};
		CE4D86B81DCA22F500F52A70 /* Frameworks */ = {
			isa = PBXGroup;
			children = (
				CE4D86BD1DCA230E00F52A70 /* UIKit.framework */,
				CE4D86BB1DCA22FF00F52A70 /* CoreGraphics.framework */,
				CE4D86B91DCA22F500F52A70 /* Foundation.framework */,
			);
			name = Frameworks;
			sourceTree = "<group>";
		};
/* End PBXGroup section */

/* Begin PBXNativeTarget section */
		CE4D869D1DCA22E700F52A70 /* StringsTest */ = {
			isa = PBXNativeTarget;
			buildConfigurationList = CE4D86B51DCA22E700F52A70 /* Build configuration list for PBXNativeTarget "StringsTest" */;
			buildPhases = (
				CE4D869A1DCA22E700F52A70 /* Sources */,
				CE4D869B1DCA22E700F52A70 /* Frameworks */,
				CE4D869C1DCA22E700F52A70 /* Resources */,
			);
			buildRules = (
			);
			dependencies = (
			);
			name = StringsTest;
			productName = StringsTest;
			productReference = CE4D869E1DCA22E700F52A70 /* StringsTest.app */;
			productType = "com.apple.product-type.application";
		};
/* End PBXNativeTarget section */

/* Begin PBXProject section */
		CE4D86961DCA22E700F52A70 /* Project object */ = {
			isa = PBXProject;
			attributes = {
				LastUpgradeCheck = 0810;
				ORGANIZATIONNAME = "Abdushev Sergey";
				TargetAttributes = {
					CE4D869D1DCA22E700F52A70 = {
						CreatedOnToolsVersion = 8.1;
						ProvisioningStyle = Automatic;
					};
				};
			};
			buildConfigurationList = CE4D86991DCA22E700F52A70 /* Build configuration list for PBXProject "StringsTest" */;
			compatibilityVersion = "Xcode 3.2";
			developmentRegion = English;
			hasScannedForEncodings = 0;
			knownRegions = (
				en,
				Base,
			);
			mainGroup = CE4D86951DCA22E700F52A70;
			productRefGroup = CE4D869F1DCA22E700F52A70 /* Products */;
			projectDirPath = "";
			projectRoot = "";
			targets = (
				CE4D869D1DCA22E700F52A70 /* StringsTest */,
			);
		};
/* End PBXProject section */

/* Begin PBXResourcesBuildPhase section */
		CE4D869C1DCA22E700F52A70 /* Resources */ = {
			isa = PBXResourcesBuildPhase;
			buildActionMask = 2147483647;
			files = (
				CE4D86B11DCA22E700F52A70 /* LaunchScreen.storyboard in Resources */,
				CE4D86AE1DCA22E700F52A70 /* Assets.xcassets in Resources */,
				CE4D86AC1DCA22E700F52A70 /* Main.storyboard in Resources */,
			);
			runOnlyForDeploymentPostprocessing = 0;
		};
/* End PBXResourcesBuildPhase section */

/* Begin PBXSourcesBuildPhase section */
		CE4D869A1DCA22E700F52A70 /* Sources */ = {
			isa = PBXSourcesBuildPhase;
			buildActionMask = 2147483647;
			files = (
				CE4D86A91DCA22E700F52A70 /* ViewController.m in Sources */,
				CE4D86A61DCA22E700F52A70 /* AppDelegate.m in Sources */,
				CE4D86A31DCA22E700F52A70 /* main.m in Sources */,
			);
			runOnlyForDeploymentPostprocessing = 0;
		};
/* End PBXSourcesBuildPhase section */

/* Begin PBXVariantGroup section */
		CE4D86AA1DCA22E700F52A70 /* Main.storyboard */ = {
			isa = PBXVariantGroup;
			children = (
				CE4D86AB1DCA22E700F52A70 /* Base */,
			);
			name = Main.storyboard;
			sourceTree = "<group>";
		};
		CE4D86AF1DCA22E700F52A70 /* LaunchScreen.storyboard */ = {
			isa = PBXVariantGroup;
			children = (
				CE4D86B01DCA22E700F52A70 /* Base */,
			);
			name = LaunchScreen.storyboard;
			sourceTree = "<group>";
		};
/* End PBXVariantGroup section */

/* Begin XCBuildConfiguration section */
		CE4D86B31DCA22E700F52A70 /* Debug */ = {
			isa = XCBuildConfiguration;
			buildSettings = {
				ALWAYS_SEARCH_USER_PATHS = NO;
				CLANG_ANALYZER_NONNULL = YES;
				CLANG_CXX_LANGUAGE_STANDARD = "gnu++0x";
				CLANG_CXX_LIBRARY = "libc++";
				CLANG_ENABLE_MODULES = YES;
				CLANG_ENABLE_OBJC_ARC = YES;
				CLANG_WARN_BOOL_CONVERSION = YES;
				CLANG_WARN_CONSTANT_CONVERSION = YES;
				CLANG_WARN_DIRECT_OBJC_ISA_USAGE = YES_ERROR;
				CLANG_WARN_DOCUMENTATION_COMMENTS = YES;
				CLANG_WARN_EMPTY_BODY = YES;
				CLANG_WARN_ENUM_CONVERSION = YES;
				CLANG_WARN_INFINITE_RECURSION = YES;
				CLANG_WARN_INT_CONVERSION = YES;
				CLANG_WARN_OBJC_ROOT_CLASS = YES_ERROR;
				CLANG_WARN_SUSPICIOUS_MOVES = YES;
				CLANG_WARN_UNREACHABLE_CODE = YES;
				CLANG_WARN__DUPLICATE_METHOD_MATCH = YES;
				"CODE_SIGN_IDENTITY[sdk=iphoneos*]" = "iPhone Developer";
				COPY_PHASE_STRIP = NO;
				DEBUG_INFORMATION_FORMAT = dwarf;
				ENABLE_STRICT_OBJC_MSGSEND = YES;
				ENABLE_TESTABILITY = YES;
				GCC_C_LANGUAGE_STANDARD = gnu99;
				GCC_DYNAMIC_NO_PIC = NO;
				GCC_NO_COMMON_BLOCKS = YES;
				GCC_OPTIMIZATION_LEVEL = 0;
				GCC_PREPROCESSOR_DEFINITIONS = (
					"DEBUG=1",
					"$(inherited)",
				);
				GCC_WARN_64_TO_32_BIT_CONVERSION = YES;
				GCC_WARN_ABOUT_RETURN_TYPE = YES_ERROR;
				GCC_WARN_UNDECLARED_SELECTOR = YES;
				GCC_WARN_UNINITIALIZED_AUTOS = YES_AGGRESSIVE;
				GCC_WARN_UNUSED_FUNCTION = YES;
				GCC_WARN_UNUSED_VARIABLE = YES;
				IPHONEOS_DEPLOYMENT_TARGET = 10.1;
				MTL_ENABLE_DEBUG_INFO = YES;
				ONLY_ACTIVE_ARCH = YES;
				SDKROOT = iphoneos;
				TARGETED_DEVICE_FAMILY = "1,2";
			};
			name = Debug;
		};
		CE4D86B41DCA22E700F52A70 /* Release */ = {
			isa = XCBuildConfiguration;
			buildSettings = {
				ALWAYS_SEARCH_USER_PATHS = NO;
				CLANG_ANALYZER_NONNULL = YES;
				CLANG_CXX_LANGUAGE_STANDARD = "gnu++0x";
				CLANG_CXX_LIBRARY = "libc++";
				CLANG_ENABLE_MODULES = YES;
				CLANG_ENABLE_OBJC_ARC = YES;
				CLANG_WARN_BOOL_CONVERSION = YES;
				CLANG_WARN_CONSTANT_CONVERSION = YES;
				CLANG_WARN_DIRECT_OBJC_ISA_USAGE = YES_ERROR;
				CLANG_WARN_DOCUMENTATION_COMMENTS = YES;
				CLANG_WARN_EMPTY_BODY = YES;
				CLANG_WARN_ENUM_CONVERSION = YES;
				CLANG_WARN_INFINITE_RECURSION = YES;
				CLANG_WARN_INT_CONVERSION = YES;
				CLANG_WARN_OBJC_ROOT_CLASS = YES_ERROR;
				CLANG_WARN_SUSPICIOUS_MOVES = YES;
				CLANG_WARN_UNREACHABLE_CODE = YES;
				CLANG_WARN__DUPLICATE_METHOD_MATCH = YES;
				"CODE_SIGN_IDENTITY[sdk=iphoneos*]" = "iPhone Developer";
				COPY_PHASE_STRIP = NO;
				DEBUG_INFORMATION_FORMAT = "dwarf-with-dsym";
				ENABLE_NS_ASSERTIONS = NO;
				ENABLE_STRICT_OBJC_MSGSEND = YES;
				GCC_C_LANGUAGE_STANDARD = gnu99;
				GCC_NO_COMMON_BLOCKS = YES;
				GCC_WARN_64_TO_32_BIT_CONVERSION = YES;
				GCC_WARN_ABOUT_RETURN_TYPE = YES_ERROR;
				GCC_WARN_UNDECLARED_SELECTOR = YES;
				GCC_WARN_UNINITIALIZED_AUTOS = YES_AGGRESSIVE;
				GCC_WARN_UNUSED_FUNCTION = YES;
				GCC_WARN_UNUSED_VARIABLE = YES;
				IPHONEOS_DEPLOYMENT_TARGET = 10.1;
				MTL_ENABLE_DEBUG_INFO = NO;
				SDKROOT = iphoneos;
				TARGETED_DEVICE_FAMILY = "1,2";
				VALIDATE_PRODUCT = YES;
			};
			name = Release;
		};
		CE4D86B61DCA22E700F52A70 /* Debug */ = {
			isa = XCBuildConfiguration;
			buildSettings = {
				ASSETCATALOG_COMPILER_APPICON_NAME = AppIcon;
				INFOPLIST_FILE = StringsTest/Info.plist;
				LD_RUNPATH_SEARCH_PATHS = "$(inherited) @executable_path/Frameworks";
				PRODUCT_BUNDLE_IDENTIFIER = ASR.StringsTest;
				PRODUCT_NAME = "$(TARGET_NAME)";
			};
			name = Debug;
		};
		CE4D86B71DCA22E700F52A70 /* Release */ = {
			isa = XCBuildConfiguration;
			buildSettings = {
				ASSETCATALOG_COMPILER_APPICON_NAME = AppIcon;
				INFOPLIST_FILE = StringsTest/Info.plist;
				LD_RUNPATH_SEARCH_PATHS = "$(inherited) @executable_path/Frameworks";
				PRODUCT_BUNDLE_IDENTIFIER = ASR.StringsTest;
				PRODUCT_NAME = "$(TARGET_NAME)";
			};
			name = Release;
		};
/* End XCBuildConfiguration section */

/* Begin XCConfigurationList section */
		CE4D86991DCA22E700F52A70 /* Build configuration list for PBXProject "StringsTest" */ = {
			isa = XCConfigurationList;
			buildConfigurations = (
				CE4D86B31DCA22E700F52A70 /* Debug */,
				CE4D86B41DCA22E700F52A70 /* Release */,
			);
			defaultConfigurationIsVisible = 0;
			defaultConfigurationName = Release;
		};
		CE4D86B51DCA22E700F52A70 /* Build configuration list for PBXNativeTarget "StringsTest" */ = {
			isa = XCConfigurationList;
			buildConfigurations = (
				CE4D86B61DCA22E700F52A70 /* Debug */,
				CE4D86B71DCA22E700F52A70 /* Release */,
			);
			defaultConfigurationIsVisible = 0;
		};
/* End XCConfigurationList section */
	};
	rootObject = CE4D86961DCA22E700F52A70 /* Project object */;
}
